
Microsoft Visual Studio Solution File, Format Version 12.00
# Visual Studio Version 16
VisualStudioVersion = 16.0.32106.194
MinimumVisualStudioVersion = 10.0.40219.1
Project("{FAE04EC0-301F-11D3-BF4B-00C04F79EFBC}") = "RendimentoVeicular", "RendimentoVeicular\RendimentoVeicular.csproj", "{D0801FCB-8F85-4AF5-9FB9-D3187CFBD052}"
EndProject
Global
	GlobalSection(SolutionConfigurationPlatforms) = preSolution
		Debug|Any CPU = Debug|Any CPU
		Release|Any CPU = Release|Any CPU
	EndGlobalSection
	GlobalSection(ProjectConfigurationPlatforms) = postSolution
		{D0801FCB-8F85-4AF5-9FB9-D3187CFBD052}.Debug|Any CPU.ActiveCfg = Debug|Any CPU
		{D0801FCB-8F85-4AF5-9FB9-D3187CFBD052}.Debug|Any CPU.Build.0 = Debug|Any CPU
		{D0801FCB-8F85-4AF5-9FB9-D3187CFBD052}.Release|Any CPU.ActiveCfg = Release|Any CPU
		{D0801FCB-8F85-4AF5-9FB9-D3187CFBD052}.Release|Any CPU.Build.0 = Release|Any CPU
	EndGlobalSection
	GlobalSection(SolutionProperties) = preSolution
		HideSolutionNode = FALSE
	EndGlobalSection
	GlobalSection(ExtensibilityGlobals) = postSolution
		SolutionGuid = {3ECBA0CA-0D61-43D2-A354-959BCA0345C7}
	EndGlobalSection
EndGlobal
